
Microsoft Visual Studio Solution File, Format Version 12.00
# Visual Studio Version 17
VisualStudioVersion = 17.11.35222.181
MinimumVisualStudioVersion = 10.0.40219.1
Project("{9A19103F-16F7-4668-BE54-9A1E7A4F7556}") = "VietWay.API.Management", "VietWayManagementAPI\VietWay.API.Management.csproj", "{304A102F-CE24-44B3-9003-C54B8746E61A}"
EndProject
Project("{9A19103F-16F7-4668-BE54-9A1E7A4F7556}") = "VietWay.Repository", "Repository\VietWay.Repository.csproj", "{C725CDEF-D4DE-4E47-8C78-C7E745171115}"
EndProject
Project("{9A19103F-16F7-4668-BE54-9A1E7A4F7556}") = "VietWay.Service.Management", "Service\VietWay.Service.Management.csproj", "{4933E75A-8BE8-478D-83B0-1ED3A457D327}"
EndProject
Project("{9A19103F-16F7-4668-BE54-9A1E7A4F7556}") = "VietWay.Util", "VietWay.Util\VietWay.Util.csproj", "{098F1730-E83B-4193-A460-075E484EBE4F}"
EndProject
Project("{9A19103F-16F7-4668-BE54-9A1E7A4F7556}") = "VietWay.API.Customer", "VietWay.API.Customer\VietWay.API.Customer.csproj", "{C60FA13B-9392-41F5-B24D-6F672F762C39}"
EndProject
Project("{9A19103F-16F7-4668-BE54-9A1E7A4F7556}") = "VietWay.Middleware", "VietWay.Middleware\VietWay.Middleware.csproj", "{99ED2C8A-470D-4669-AB76-23DAE3A5424E}"
EndProject
Project("{FAE04EC0-301F-11D3-BF4B-00C04F79EFBC}") = "VietWay.Service.Customer", "VietWay.Service.Customer\VietWay.Service.Customer.csproj", "{74C419F2-AB41-47F1-9803-386EA1B6BDA0}"
EndProject
Project("{FAE04EC0-301F-11D3-BF4B-00C04F79EFBC}") = "VietWay.Service.ThirdParty", "VietWay.Service.ThirdParty\VietWay.Service.ThirdParty.csproj", "{A4232D11-5312-4390-93E0-37FB9C08BEE3}"
EndProject
Global
	GlobalSection(SolutionConfigurationPlatforms) = preSolution
		Debug|Any CPU = Debug|Any CPU
		Release|Any CPU = Release|Any CPU
	EndGlobalSection
	GlobalSection(ProjectConfigurationPlatforms) = postSolution
		{304A102F-CE24-44B3-9003-C54B8746E61A}.Debug|Any CPU.ActiveCfg = Debug|Any CPU
		{304A102F-CE24-44B3-9003-C54B8746E61A}.Debug|Any CPU.Build.0 = Debug|Any CPU
		{304A102F-CE24-44B3-9003-C54B8746E61A}.Release|Any CPU.ActiveCfg = Release|Any CPU
		{304A102F-CE24-44B3-9003-C54B8746E61A}.Release|Any CPU.Build.0 = Release|Any CPU
		{C725CDEF-D4DE-4E47-8C78-C7E745171115}.Debug|Any CPU.ActiveCfg = Debug|Any CPU
		{C725CDEF-D4DE-4E47-8C78-C7E745171115}.Debug|Any CPU.Build.0 = Debug|Any CPU
		{C725CDEF-D4DE-4E47-8C78-C7E745171115}.Release|Any CPU.ActiveCfg = Release|Any CPU
		{C725CDEF-D4DE-4E47-8C78-C7E745171115}.Release|Any CPU.Build.0 = Release|Any CPU
		{4933E75A-8BE8-478D-83B0-1ED3A457D327}.Debug|Any CPU.ActiveCfg = Debug|Any CPU
		{4933E75A-8BE8-478D-83B0-1ED3A457D327}.Debug|Any CPU.Build.0 = Debug|Any CPU
		{4933E75A-8BE8-478D-83B0-1ED3A457D327}.Release|Any CPU.ActiveCfg = Release|Any CPU
		{4933E75A-8BE8-478D-83B0-1ED3A457D327}.Release|Any CPU.Build.0 = Release|Any CPU
		{098F1730-E83B-4193-A460-075E484EBE4F}.Debug|Any CPU.ActiveCfg = Debug|Any CPU
		{098F1730-E83B-4193-A460-075E484EBE4F}.Debug|Any CPU.Build.0 = Debug|Any CPU
		{098F1730-E83B-4193-A460-075E484EBE4F}.Release|Any CPU.ActiveCfg = Release|Any CPU
		{098F1730-E83B-4193-A460-075E484EBE4F}.Release|Any CPU.Build.0 = Release|Any CPU
		{C60FA13B-9392-41F5-B24D-6F672F762C39}.Debug|Any CPU.ActiveCfg = Debug|Any CPU
		{C60FA13B-9392-41F5-B24D-6F672F762C39}.Debug|Any CPU.Build.0 = Debug|Any CPU
		{C60FA13B-9392-41F5-B24D-6F672F762C39}.Release|Any CPU.ActiveCfg = Release|Any CPU
		{C60FA13B-9392-41F5-B24D-6F672F762C39}.Release|Any CPU.Build.0 = Release|Any CPU
		{99ED2C8A-470D-4669-AB76-23DAE3A5424E}.Debug|Any CPU.ActiveCfg = Debug|Any CPU
		{99ED2C8A-470D-4669-AB76-23DAE3A5424E}.Debug|Any CPU.Build.0 = Debug|Any CPU
		{99ED2C8A-470D-4669-AB76-23DAE3A5424E}.Release|Any CPU.ActiveCfg = Release|Any CPU
		{99ED2C8A-470D-4669-AB76-23DAE3A5424E}.Release|Any CPU.Build.0 = Release|Any CPU
		{74C419F2-AB41-47F1-9803-386EA1B6BDA0}.Debug|Any CPU.ActiveCfg = Debug|Any CPU
		{74C419F2-AB41-47F1-9803-386EA1B6BDA0}.Debug|Any CPU.Build.0 = Debug|Any CPU
		{74C419F2-AB41-47F1-9803-386EA1B6BDA0}.Release|Any CPU.ActiveCfg = Release|Any CPU
		{74C419F2-AB41-47F1-9803-386EA1B6BDA0}.Release|Any CPU.Build.0 = Release|Any CPU
		{A4232D11-5312-4390-93E0-37FB9C08BEE3}.Debug|Any CPU.ActiveCfg = Debug|Any CPU
		{A4232D11-5312-4390-93E0-37FB9C08BEE3}.Debug|Any CPU.Build.0 = Debug|Any CPU
		{A4232D11-5312-4390-93E0-37FB9C08BEE3}.Release|Any CPU.ActiveCfg = Release|Any CPU
		{A4232D11-5312-4390-93E0-37FB9C08BEE3}.Release|Any CPU.Build.0 = Release|Any CPU
	EndGlobalSection
	GlobalSection(SolutionProperties) = preSolution
		HideSolutionNode = FALSE
	EndGlobalSection
	GlobalSection(ExtensibilityGlobals) = postSolution
		SolutionGuid = {947122FC-739F-4B89-92AA-96AB386F9F05}
	EndGlobalSection
EndGlobal
